
Microsoft Visual Studio Solution File, Format Version 12.00
# Visual Studio Version 17
VisualStudioVersion = 17.5.33530.505
MinimumVisualStudioVersion = 10.0.40219.1
Project("{FAE04EC0-301F-11D3-BF4B-00C04F79EFBC}") = "AddressBookSystem", "AddressBookSystem\AddressBookSystem.csproj", "{67E794F0-337D-454D-8D0E-5353A6C37BBF}"
EndProject
Global
	GlobalSection(SolutionConfigurationPlatforms) = preSolution
		Debug|Any CPU = Debug|Any CPU
		Release|Any CPU = Release|Any CPU
	EndGlobalSection
	GlobalSection(ProjectConfigurationPlatforms) = postSolution
		{67E794F0-337D-454D-8D0E-5353A6C37BBF}.Debug|Any CPU.ActiveCfg = Debug|Any CPU
		{67E794F0-337D-454D-8D0E-5353A6C37BBF}.Debug|Any CPU.Build.0 = Debug|Any CPU
		{67E794F0-337D-454D-8D0E-5353A6C37BBF}.Release|Any CPU.ActiveCfg = Release|Any CPU
		{67E794F0-337D-454D-8D0E-5353A6C37BBF}.Release|Any CPU.Build.0 = Release|Any CPU
	EndGlobalSection
	GlobalSection(SolutionProperties) = preSolution
		HideSolutionNode = FALSE
	EndGlobalSection
	GlobalSection(ExtensibilityGlobals) = postSolution
		SolutionGuid = {15AF0ACF-674D-46A4-8FD6-7678C5CCFF51}
	EndGlobalSection
EndGlobal
